
Microsoft Visual Studio Solution File, Format Version 12.00
# Visual Studio 15
VisualStudioVersion = 15.0.26730.3
MinimumVisualStudioVersion = 10.0.40219.1
Project("{8BC9CEB8-8B4A-11D0-8D11-00A0C91BC942}") = "insertionsort", "insertionsort\insertionsort.vcxproj", "{9BC93634-780D-444C-A8B9-32AC5A601097}"
EndProject
Global
	GlobalSection(SolutionConfigurationPlatforms) = preSolution
		Debug|x64 = Debug|x64
		Debug|x86 = Debug|x86
		Release|x64 = Release|x64
		Release|x86 = Release|x86
	EndGlobalSection
	GlobalSection(ProjectConfigurationPlatforms) = postSolution
		{9BC93634-780D-444C-A8B9-32AC5A601097}.Debug|x64.ActiveCfg = Debug|x64
		{9BC93634-780D-444C-A8B9-32AC5A601097}.Debug|x64.Build.0 = Debug|x64
		{9BC93634-780D-444C-A8B9-32AC5A601097}.Debug|x86.ActiveCfg = Debug|Win32
		{9BC93634-780D-444C-A8B9-32AC5A601097}.Debug|x86.Build.0 = Debug|Win32
		{9BC93634-780D-444C-A8B9-32AC5A601097}.Release|x64.ActiveCfg = Release|x64
		{9BC93634-780D-444C-A8B9-32AC5A601097}.Release|x64.Build.0 = Release|x64
		{9BC93634-780D-444C-A8B9-32AC5A601097}.Release|x86.ActiveCfg = Release|Win32
		{9BC93634-780D-444C-A8B9-32AC5A601097}.Release|x86.Build.0 = Release|Win32
	EndGlobalSection
	GlobalSection(SolutionProperties) = preSolution
		HideSolutionNode = FALSE
	EndGlobalSection
	GlobalSection(ExtensibilityGlobals) = postSolution
		SolutionGuid = {E09495D9-CDFF-452E-9350-FF04EBBEFB54}
	EndGlobalSection
EndGlobal
