
Microsoft Visual Studio Solution File, Format Version 12.00
# Visual Studio 15
VisualStudioVersion = 15.0.26730.3
MinimumVisualStudioVersion = 10.0.40219.1
Project("{8BC9CEB8-8B4A-11D0-8D11-00A0C91BC942}") = "balanced_parentheses", "balanced_parentheses\balanced_parentheses.vcxproj", "{B9F1C05D-6BC8-4EC7-A0AC-AC038ECF53DE}"
EndProject
Global
	GlobalSection(SolutionConfigurationPlatforms) = preSolution
		Debug|x64 = Debug|x64
		Debug|x86 = Debug|x86
		Release|x64 = Release|x64
		Release|x86 = Release|x86
	EndGlobalSection
	GlobalSection(ProjectConfigurationPlatforms) = postSolution
		{B9F1C05D-6BC8-4EC7-A0AC-AC038ECF53DE}.Debug|x64.ActiveCfg = Debug|x64
		{B9F1C05D-6BC8-4EC7-A0AC-AC038ECF53DE}.Debug|x64.Build.0 = Debug|x64
		{B9F1C05D-6BC8-4EC7-A0AC-AC038ECF53DE}.Debug|x86.ActiveCfg = Debug|Win32
		{B9F1C05D-6BC8-4EC7-A0AC-AC038ECF53DE}.Debug|x86.Build.0 = Debug|Win32
		{B9F1C05D-6BC8-4EC7-A0AC-AC038ECF53DE}.Release|x64.ActiveCfg = Release|x64
		{B9F1C05D-6BC8-4EC7-A0AC-AC038ECF53DE}.Release|x64.Build.0 = Release|x64
		{B9F1C05D-6BC8-4EC7-A0AC-AC038ECF53DE}.Release|x86.ActiveCfg = Release|Win32
		{B9F1C05D-6BC8-4EC7-A0AC-AC038ECF53DE}.Release|x86.Build.0 = Release|Win32
	EndGlobalSection
	GlobalSection(SolutionProperties) = preSolution
		HideSolutionNode = FALSE
	EndGlobalSection
	GlobalSection(ExtensibilityGlobals) = postSolution
		SolutionGuid = {FF3381E6-BCA6-4A1C-8C9C-729EDB25DAB5}
	EndGlobalSection
EndGlobal
