
Microsoft Visual Studio Solution File, Format Version 12.00
# Visual Studio 15
VisualStudioVersion = 15.0.26730.3
MinimumVisualStudioVersion = 10.0.40219.1
Project("{8BC9CEB8-8B4A-11D0-8D11-00A0C91BC942}") = "linearsearch", "linearsearch\linearsearch.vcxproj", "{53BCC3D3-174E-4DB9-8B26-59AE5BD289A3}"
EndProject
Global
	GlobalSection(SolutionConfigurationPlatforms) = preSolution
		Debug|x64 = Debug|x64
		Debug|x86 = Debug|x86
		Release|x64 = Release|x64
		Release|x86 = Release|x86
	EndGlobalSection
	GlobalSection(ProjectConfigurationPlatforms) = postSolution
		{53BCC3D3-174E-4DB9-8B26-59AE5BD289A3}.Debug|x64.ActiveCfg = Debug|x64
		{53BCC3D3-174E-4DB9-8B26-59AE5BD289A3}.Debug|x64.Build.0 = Debug|x64
		{53BCC3D3-174E-4DB9-8B26-59AE5BD289A3}.Debug|x86.ActiveCfg = Debug|Win32
		{53BCC3D3-174E-4DB9-8B26-59AE5BD289A3}.Debug|x86.Build.0 = Debug|Win32
		{53BCC3D3-174E-4DB9-8B26-59AE5BD289A3}.Release|x64.ActiveCfg = Release|x64
		{53BCC3D3-174E-4DB9-8B26-59AE5BD289A3}.Release|x64.Build.0 = Release|x64
		{53BCC3D3-174E-4DB9-8B26-59AE5BD289A3}.Release|x86.ActiveCfg = Release|Win32
		{53BCC3D3-174E-4DB9-8B26-59AE5BD289A3}.Release|x86.Build.0 = Release|Win32
	EndGlobalSection
	GlobalSection(SolutionProperties) = preSolution
		HideSolutionNode = FALSE
	EndGlobalSection
	GlobalSection(ExtensibilityGlobals) = postSolution
		SolutionGuid = {4BF88977-1364-411C-BC13-3F114A8FF1DE}
	EndGlobalSection
EndGlobal
